Microsoft Visual Studio Solution File, Format Version 12.00
# Visual Studio Version 17
VisualStudioVersion = 17.5.2.0
MinimumVisualStudioVersion = 10.0.40219.1
Project("{FAE04EC0-301F-11D3-BF4B-00C04F79EFBC}") = "testblackduck", "testblackduck.csproj", "{FAEF3445-E896-D17E-BC9E-7002A07D43A4}"
EndProject
Global
	GlobalSection(SolutionConfigurationPlatforms) = preSolution
		Debug|Any CPU = Debug|Any CPU
		Release|Any CPU = Release|Any CPU
	EndGlobalSection
	GlobalSection(ProjectConfigurationPlatforms) = postSolution
		{FAEF3445-E896-D17E-BC9E-7002A07D43A4}.Debug|Any CPU.ActiveCfg = Debug|Any CPU
		{FAEF3445-E896-D17E-BC9E-7002A07D43A4}.Debug|Any CPU.Build.0 = Debug|Any CPU
		{FAEF3445-E896-D17E-BC9E-7002A07D43A4}.Release|Any CPU.ActiveCfg = Release|Any CPU
		{FAEF3445-E896-D17E-BC9E-7002A07D43A4}.Release|Any CPU.Build.0 = Release|Any CPU
	EndGlobalSection
	GlobalSection(SolutionProperties) = preSolution
		HideSolutionNode = FALSE
	EndGlobalSection
	GlobalSection(ExtensibilityGlobals) = postSolution
		SolutionGuid = {3E2CA758-E02C-453A-9A61-88A4073F0A39}
	EndGlobalSection
EndGlobal
